
Microsoft Visual Studio Solution File, Format Version 12.00
# Visual Studio Version 17
VisualStudioVersion = 17.9.34607.119
MinimumVisualStudioVersion = 10.0.40219.1
Project("{FAE04EC0-301F-11D3-BF4B-00C04F79EFBC}") = "Mobility_Assignment_MVC", "Mobility_Assignment_MVC\Mobility_Assignment_MVC.csproj", "{870F3187-A7EC-4725-9555-99B4B77CA23C}"
EndProject
Project("{FAE04EC0-301F-11D3-BF4B-00C04F79EFBC}") = "WebService", "WebService\WebService.csproj", "{43F918BD-605C-426D-8C80-EDA2D1978C51}"
EndProject
Global
	GlobalSection(SolutionConfigurationPlatforms) = preSolution
		Debug|Any CPU = Debug|Any CPU
		Release|Any CPU = Release|Any CPU
	EndGlobalSection
	GlobalSection(ProjectConfigurationPlatforms) = postSolution
		{870F3187-A7EC-4725-9555-99B4B77CA23C}.Debug|Any CPU.ActiveCfg = Debug|Any CPU
		{870F3187-A7EC-4725-9555-99B4B77CA23C}.Debug|Any CPU.Build.0 = Debug|Any CPU
		{870F3187-A7EC-4725-9555-99B4B77CA23C}.Release|Any CPU.ActiveCfg = Release|Any CPU
		{870F3187-A7EC-4725-9555-99B4B77CA23C}.Release|Any CPU.Build.0 = Release|Any CPU
		{43F918BD-605C-426D-8C80-EDA2D1978C51}.Debug|Any CPU.ActiveCfg = Debug|Any CPU
		{43F918BD-605C-426D-8C80-EDA2D1978C51}.Debug|Any CPU.Build.0 = Debug|Any CPU
		{43F918BD-605C-426D-8C80-EDA2D1978C51}.Release|Any CPU.ActiveCfg = Release|Any CPU
		{43F918BD-605C-426D-8C80-EDA2D1978C51}.Release|Any CPU.Build.0 = Release|Any CPU
	EndGlobalSection
	GlobalSection(SolutionProperties) = preSolution
		HideSolutionNode = FALSE
	EndGlobalSection
	GlobalSection(ExtensibilityGlobals) = postSolution
		SolutionGuid = {3C92D44E-A531-43EB-AED3-112C5D4AE114}
	EndGlobalSection
EndGlobal
